# Generated by pub
# See https://dart.dev/tools/pub/glossary#lockfile
packages:
  client_gen_models:
    dependency: "direct main"
    description:
      path: "../../models"
      relative: true
    source: path
    version: "0.0.0"
  client_server:
    dependency: "direct main"
    description:
      path: "../../.revali/server_client"
      relative: true
    source: path
    version: "0.0.0"
  server_client:
    dependency: "direct main"
    description:
      path: "../../../../constructs/server_client/server_client"
      relative: true
    source: path
    version: "1.0.0"
sdks:
  dart: ">=3.5.0 <4.0.0"
